
Microsoft Visual Studio Solution File, Format Version 12.00
# Visual Studio Version 17
VisualStudioVersion = 17.4.33213.308
MinimumVisualStudioVersion = 10.0.40219.1
Project("{9A19103F-16F7-4668-BE54-9A1E7A4F7556}") = "HA.Kostal", "src\HA.Kostal\HA.Kostal.csproj", "{D9A42932-E5C0-4D90-BEF2-92B4B2D2A5BD}"
EndProject
Project("{9A19103F-16F7-4668-BE54-9A1E7A4F7556}") = "HA.Kostal.Service", "src\HA.Kostal.Service\HA.Kostal.Service.csproj", "{9FEA53CE-0C58-4170-B02E-60FC3D9FA53A}"
EndProject
Project("{9A19103F-16F7-4668-BE54-9A1E7A4F7556}") = "HA.Kostal.Tests", "test\HA.Kostal.Tests\HA.Kostal.Tests.csproj", "{370F9609-91D5-457A-A761-C69A3BA48C42}"
EndProject
Global
	GlobalSection(SolutionConfigurationPlatforms) = preSolution
		Debug|Any CPU = Debug|Any CPU
		Release|Any CPU = Release|Any CPU
	EndGlobalSection
	GlobalSection(ProjectConfigurationPlatforms) = postSolution
		{D9A42932-E5C0-4D90-BEF2-92B4B2D2A5BD}.Debug|Any CPU.ActiveCfg = Debug|Any CPU
		{D9A42932-E5C0-4D90-BEF2-92B4B2D2A5BD}.Debug|Any CPU.Build.0 = Debug|Any CPU
		{D9A42932-E5C0-4D90-BEF2-92B4B2D2A5BD}.Release|Any CPU.ActiveCfg = Release|Any CPU
		{D9A42932-E5C0-4D90-BEF2-92B4B2D2A5BD}.Release|Any CPU.Build.0 = Release|Any CPU
		{9FEA53CE-0C58-4170-B02E-60FC3D9FA53A}.Debug|Any CPU.ActiveCfg = Debug|Any CPU
		{9FEA53CE-0C58-4170-B02E-60FC3D9FA53A}.Debug|Any CPU.Build.0 = Debug|Any CPU
		{9FEA53CE-0C58-4170-B02E-60FC3D9FA53A}.Release|Any CPU.ActiveCfg = Release|Any CPU
		{9FEA53CE-0C58-4170-B02E-60FC3D9FA53A}.Release|Any CPU.Build.0 = Release|Any CPU
		{370F9609-91D5-457A-A761-C69A3BA48C42}.Debug|Any CPU.ActiveCfg = Debug|Any CPU
		{370F9609-91D5-457A-A761-C69A3BA48C42}.Debug|Any CPU.Build.0 = Debug|Any CPU
		{370F9609-91D5-457A-A761-C69A3BA48C42}.Release|Any CPU.ActiveCfg = Release|Any CPU
		{370F9609-91D5-457A-A761-C69A3BA48C42}.Release|Any CPU.Build.0 = Release|Any CPU
	EndGlobalSection
	GlobalSection(SolutionProperties) = preSolution
		HideSolutionNode = FALSE
	EndGlobalSection
	GlobalSection(ExtensibilityGlobals) = postSolution
		SolutionGuid = {92B14CAE-3C53-4F6E-962D-703417F1F9F2}
	EndGlobalSection
EndGlobal
